
Microsoft Visual Studio Solution File, Format Version 12.00
# Visual Studio 15
VisualStudioVersion = 15.0.28307.421
MinimumVisualStudioVersion = 10.0.40219.1
Project("{FAE04EC0-301F-11D3-BF4B-00C04F79EFBC}") = "Sales.Android", "Sales\Sales.Android\Sales.Android.csproj", "{C4D77930-F83C-41DB-9BF6-E91A5012030B}"
EndProject
Project("{FAE04EC0-301F-11D3-BF4B-00C04F79EFBC}") = "Sales.iOS", "Sales\Sales.iOS\Sales.iOS.csproj", "{5F49362B-A73C-4AAE-AEDB-B828445BE094}"
EndProject
Project("{FAE04EC0-301F-11D3-BF4B-00C04F79EFBC}") = "Sales", "Sales\Sales\Sales.csproj", "{F9FDD1F1-0E11-4F42-904C-D2EB715AF265}"
EndProject
Project("{FAE04EC0-301F-11D3-BF4B-00C04F79EFBC}") = "Sales.Backend", "Sales.Backend\Sales.Backend.csproj", "{22659FC0-E616-4036-83CE-F3A4D4ACEC05}"
EndProject
Project("{FAE04EC0-301F-11D3-BF4B-00C04F79EFBC}") = "Sales.Domain", "Sales.Domain\Sales.Domain.csproj", "{7FD23E50-E653-45F7-B562-858B220F4DA2}"
EndProject
Project("{FAE04EC0-301F-11D3-BF4B-00C04F79EFBC}") = "Sales.Common", "Sales.Common\Sales.Common.csproj", "{A939A1BA-E213-4214-8C5B-50D331C4992F}"
EndProject
Project("{FAE04EC0-301F-11D3-BF4B-00C04F79EFBC}") = "Sales.API", "Sales.API\Sales.API.csproj", "{C9068395-86F8-4C72-92D4-B219AAB5FA34}"
EndProject
Global
	GlobalSection(SolutionConfigurationPlatforms) = preSolution
		Ad-Hoc|Any CPU = Ad-Hoc|Any CPU
		Ad-Hoc|iPhone = Ad-Hoc|iPhone
		Ad-Hoc|iPhoneSimulator = Ad-Hoc|iPhoneSimulator
		AppStore|Any CPU = AppStore|Any CPU
		AppStore|iPhone = AppStore|iPhone
		AppStore|iPhoneSimulator = AppStore|iPhoneSimulator
		Debug|Any CPU = Debug|Any CPU
		Debug|iPhone = Debug|iPhone
		Debug|iPhoneSimulator = Debug|iPhoneSimulator
		Release|Any CPU = Release|Any CPU
		Release|iPhone = Release|iPhone
		Release|iPhoneSimulator = Release|iPhoneSimulator
	EndGlobalSection
	GlobalSection(ProjectConfigurationPlatforms) = postSolution
		{C4D77930-F83C-41DB-9BF6-E91A5012030B}.Ad-Hoc|Any CPU.ActiveCfg = Release|Any CPU
		{C4D77930-F83C-41DB-9BF6-E91A5012030B}.Ad-Hoc|Any CPU.Build.0 = Release|Any CPU
		{C4D77930-F83C-41DB-9BF6-E91A5012030B}.Ad-Hoc|Any CPU.Deploy.0 = Release|Any CPU
		{C4D77930-F83C-41DB-9BF6-E91A5012030B}.Ad-Hoc|iPhone.ActiveCfg = Release|Any CPU
		{C4D77930-F83C-41DB-9BF6-E91A5012030B}.Ad-Hoc|iPhone.Build.0 = Release|Any CPU
		{C4D77930-F83C-41DB-9BF6-E91A5012030B}.Ad-Hoc|iPhone.Deploy.0 = Release|Any CPU
		{C4D77930-F83C-41DB-9BF6-E91A5012030B}.Ad-Hoc|iPhoneSimulator.ActiveCfg = Release|Any CPU
		{C4D77930-F83C-41DB-9BF6-E91A5012030B}.Ad-Hoc|iPhoneSimulator.Build.0 = Release|Any CPU
		{C4D77930-F83C-41DB-9BF6-E91A5012030B}.Ad-Hoc|iPhoneSimulator.Deploy.0 = Release|Any CPU
		{C4D77930-F83C-41DB-9BF6-E91A5012030B}.AppStore|Any CPU.ActiveCfg = Release|Any CPU
		{C4D77930-F83C-41DB-9BF6-E91A5012030B}.AppStore|Any CPU.Build.0 = Release|Any CPU
		{C4D77930-F83C-41DB-9BF6-E91A5012030B}.AppStore|Any CPU.Deploy.0 = Release|Any CPU
		{C4D77930-F83C-41DB-9BF6-E91A5012030B}.AppStore|iPhone.ActiveCfg = Release|Any CPU
		{C4D77930-F83C-41DB-9BF6-E91A5012030B}.AppStore|iPhone.Build.0 = Release|Any CPU
		{C4D77930-F83C-41DB-9BF6-E91A5012030B}.AppStore|iPhone.Deploy.0 = Release|Any CPU
		{C4D77930-F83C-41DB-9BF6-E91A5012030B}.AppStore|iPhoneSimulator.ActiveCfg = Release|Any CPU
		{C4D77930-F83C-41DB-9BF6-E91A5012030B}.AppStore|iPhoneSimulator.Build.0 = Release|Any CPU
		{C4D77930-F83C-41DB-9BF6-E91A5012030B}.AppStore|iPhoneSimulator.Deploy.0 = Release|Any CPU
		{C4D77930-F83C-41DB-9BF6-E91A5012030B}.Debug|Any CPU.ActiveCfg = Debug|Any CPU
		{C4D77930-F83C-41DB-9BF6-E91A5012030B}.Debug|Any CPU.Build.0 = Debug|Any CPU
		{C4D77930-F83C-41DB-9BF6-E91A5012030B}.Debug|Any CPU.Deploy.0 = Debug|Any CPU
		{C4D77930-F83C-41DB-9BF6-E91A5012030B}.Debug|iPhone.ActiveCfg = Debug|Any CPU
		{C4D77930-F83C-41DB-9BF6-E91A5012030B}.Debug|iPhone.Build.0 = Debug|Any CPU
		{C4D77930-F83C-41DB-9BF6-E91A5012030B}.Debug|iPhone.Deploy.0 = Debug|Any CPU
		{C4D77930-F83C-41DB-9BF6-E91A5012030B}.Debug|iPhoneSimulator.ActiveCfg = Debug|Any CPU
		{C4D77930-F83C-41DB-9BF6-E91A5012030B}.Debug|iPhoneSimulator.Build.0 = Debug|Any CPU
		{C4D77930-F83C-41DB-9BF6-E91A5012030B}.Debug|iPhoneSimulator.Deploy.0 = Debug|Any CPU
		{C4D77930-F83C-41DB-9BF6-E91A5012030B}.Release|Any CPU.ActiveCfg = Release|Any CPU
		{C4D77930-F83C-41DB-9BF6-E91A5012030B}.Release|Any CPU.Build.0 = Release|Any CPU
		{C4D77930-F83C-41DB-9BF6-E91A5012030B}.Release|Any CPU.Deploy.0 = Release|Any CPU
		{C4D77930-F83C-41DB-9BF6-E91A5012030B}.Release|iPhone.ActiveCfg = Release|Any CPU
		{C4D77930-F83C-41DB-9BF6-E91A5012030B}.Release|iPhone.Build.0 = Release|Any CPU
		{C4D77930-F83C-41DB-9BF6-E91A5012030B}.Release|iPhone.Deploy.0 = Release|Any CPU
		{C4D77930-F83C-41DB-9BF6-E91A5012030B}.Release|iPhoneSimulator.ActiveCfg = Release|Any CPU
		{C4D77930-F83C-41DB-9BF6-E91A5012030B}.Release|iPhoneSimulator.Build.0 = Release|Any CPU
		{C4D77930-F83C-41DB-9BF6-E91A5012030B}.Release|iPhoneSimulator.Deploy.0 = Release|Any CPU
		{5F49362B-A73C-4AAE-AEDB-B828445BE094}.Ad-Hoc|Any CPU.ActiveCfg = Ad-Hoc|iPhone
		{5F49362B-A73C-4AAE-AEDB-B828445BE094}.Ad-Hoc|Any CPU.Build.0 = Ad-Hoc|iPhone
		{5F49362B-A73C-4AAE-AEDB-B828445BE094}.Ad-Hoc|Any CPU.Deploy.0 = Ad-Hoc|iPhone
		{5F49362B-A73C-4AAE-AEDB-B828445BE094}.Ad-Hoc|iPhone.ActiveCfg = Ad-Hoc|iPhone
		{5F49362B-A73C-4AAE-AEDB-B828445BE094}.Ad-Hoc|iPhone.Build.0 = Ad-Hoc|iPhone
		{5F49362B-A73C-4AAE-AEDB-B828445BE094}.Ad-Hoc|iPhone.Deploy.0 = Ad-Hoc|iPhone
		{5F49362B-A73C-4AAE-AEDB-B828445BE094}.Ad-Hoc|iPhoneSimulator.ActiveCfg = Ad-Hoc|iPhoneSimulator
		{5F49362B-A73C-4AAE-AEDB-B828445BE094}.Ad-Hoc|iPhoneSimulator.Build.0 = Ad-Hoc|iPhoneSimulator
		{5F49362B-A73C-4AAE-AEDB-B828445BE094}.Ad-Hoc|iPhoneSimulator.Deploy.0 = Ad-Hoc|iPhoneSimulator
		{5F49362B-A73C-4AAE-AEDB-B828445BE094}.AppStore|Any CPU.ActiveCfg = AppStore|iPhone
		{5F49362B-A73C-4AAE-AEDB-B828445BE094}.AppStore|Any CPU.Build.0 = AppStore|iPhone
		{5F49362B-A73C-4AAE-AEDB-B828445BE094}.AppStore|Any CPU.Deploy.0 = AppStore|iPhone
		{5F49362B-A73C-4AAE-AEDB-B828445BE094}.AppStore|iPhone.ActiveCfg = AppStore|iPhone
		{5F49362B-A73C-4AAE-AEDB-B828445BE094}.AppStore|iPhone.Build.0 = AppStore|iPhone
		{5F49362B-A73C-4AAE-AEDB-B828445BE094}.AppStore|iPhone.Deploy.0 = AppStore|iPhone
		{5F49362B-A73C-4AAE-AEDB-B828445BE094}.AppStore|iPhoneSimulator.ActiveCfg = AppStore|iPhoneSimulator
		{5F49362B-A73C-4AAE-AEDB-B828445BE094}.AppStore|iPhoneSimulator.Build.0 = AppStore|iPhoneSimulator
		{5F49362B-A73C-4AAE-AEDB-B828445BE094}.AppStore|iPhoneSimulator.Deploy.0 = AppStore|iPhoneSimulator
		{5F49362B-A73C-4AAE-AEDB-B828445BE094}.Debug|Any CPU.ActiveCfg = Debug|iPhoneSimulator
		{5F49362B-A73C-4AAE-AEDB-B828445BE094}.Debug|Any CPU.Build.0 = Debug|iPhoneSimulator
		{5F49362B-A73C-4AAE-AEDB-B828445BE094}.Debug|Any CPU.Deploy.0 = Debug|iPhoneSimulator
		{5F49362B-A73C-4AAE-AEDB-B828445BE094}.Debug|iPhone.ActiveCfg = Debug|iPhone
		{5F49362B-A73C-4AAE-AEDB-B828445BE094}.Debug|iPhone.Build.0 = Debug|iPhone
		{5F49362B-A73C-4AAE-AEDB-B828445BE094}.Debug|iPhone.Deploy.0 = Debug|iPhone
		{5F49362B-A73C-4AAE-AEDB-B828445BE094}.Debug|iPhoneSimulator.ActiveCfg = Debug|iPhoneSimulator
		{5F49362B-A73C-4AAE-AEDB-B828445BE094}.Debug|iPhoneSimulator.Build.0 = Debug|iPhoneSimulator
		{5F49362B-A73C-4AAE-AEDB-B828445BE094}.Debug|iPhoneSimulator.Deploy.0 = Debug|iPhoneSimulator
		{5F49362B-A73C-4AAE-AEDB-B828445BE094}.Release|Any CPU.ActiveCfg = Release|iPhone
		{5F49362B-A73C-4AAE-AEDB-B828445BE094}.Release|Any CPU.Build.0 = Release|iPhone
		{5F49362B-A73C-4AAE-AEDB-B828445BE094}.Release|Any CPU.Deploy.0 = Release|iPhone
		{5F49362B-A73C-4AAE-AEDB-B828445BE094}.Release|iPhone.ActiveCfg = Release|iPhone
		{5F49362B-A73C-4AAE-AEDB-B828445BE094}.Release|iPhone.Build.0 = Release|iPhone
		{5F49362B-A73C-4AAE-AEDB-B828445BE094}.Release|iPhone.Deploy.0 = Release|iPhone
		{5F49362B-A73C-4AAE-AEDB-B828445BE094}.Release|iPhoneSimulator.ActiveCfg = Release|iPhoneSimulator
		{5F49362B-A73C-4AAE-AEDB-B828445BE094}.Release|iPhoneSimulator.Build.0 = Release|iPhoneSimulator
		{5F49362B-A73C-4AAE-AEDB-B828445BE094}.Release|iPhoneSimulator.Deploy.0 = Release|iPhoneSimulator
		{F9FDD1F1-0E11-4F42-904C-D2EB715AF265}.Ad-Hoc|Any CPU.ActiveCfg = Debug|Any CPU
		{F9FDD1F1-0E11-4F42-904C-D2EB715AF265}.Ad-Hoc|Any CPU.Build.0 = Debug|Any CPU
		{F9FDD1F1-0E11-4F42-904C-D2EB715AF265}.Ad-Hoc|Any CPU.Deploy.0 = Debug|Any CPU
		{F9FDD1F1-0E11-4F42-904C-D2EB715AF265}.Ad-Hoc|iPhone.ActiveCfg = Debug|Any CPU
		{F9FDD1F1-0E11-4F42-904C-D2EB715AF265}.Ad-Hoc|iPhone.Build.0 = Debug|Any CPU
		{F9FDD1F1-0E11-4F42-904C-D2EB715AF265}.Ad-Hoc|iPhone.Deploy.0 = Debug|Any CPU
		{F9FDD1F1-0E11-4F42-904C-D2EB715AF265}.Ad-Hoc|iPhoneSimulator.ActiveCfg = Debug|Any CPU
		{F9FDD1F1-0E11-4F42-904C-D2EB715AF265}.Ad-Hoc|iPhoneSimulator.Build.0 = Debug|Any CPU
		{F9FDD1F1-0E11-4F42-904C-D2EB715AF265}.Ad-Hoc|iPhoneSimulator.Deploy.0 = Debug|Any CPU
		{F9FDD1F1-0E11-4F42-904C-D2EB715AF265}.AppStore|Any CPU.ActiveCfg = Debug|Any CPU
		{F9FDD1F1-0E11-4F42-904C-D2EB715AF265}.AppStore|Any CPU.Build.0 = Debug|Any CPU
		{F9FDD1F1-0E11-4F42-904C-D2EB715AF265}.AppStore|Any CPU.Deploy.0 = Debug|Any CPU
		{F9FDD1F1-0E11-4F42-904C-D2EB715AF265}.AppStore|iPhone.ActiveCfg = Debug|Any CPU
		{F9FDD1F1-0E11-4F42-904C-D2EB715AF265}.AppStore|iPhone.Build.0 = Debug|Any CPU
		{F9FDD1F1-0E11-4F42-904C-D2EB715AF265}.AppStore|iPhone.Deploy.0 = Debug|Any CPU
		{F9FDD1F1-0E11-4F42-904C-D2EB715AF265}.AppStore|iPhoneSimulator.ActiveCfg = Debug|Any CPU
		{F9FDD1F1-0E11-4F42-904C-D2EB715AF265}.AppStore|iPhoneSimulator.Build.0 = Debug|Any CPU
		{F9FDD1F1-0E11-4F42-904C-D2EB715AF265}.AppStore|iPhoneSimulator.Deploy.0 = Debug|Any CPU
		{F9FDD1F1-0E11-4F42-904C-D2EB715AF265}.Debug|Any CPU.ActiveCfg = Debug|Any CPU
		{F9FDD1F1-0E11-4F42-904C-D2EB715AF265}.Debug|Any CPU.Build.0 = Debug|Any CPU
		{F9FDD1F1-0E11-4F42-904C-D2EB715AF265}.Debug|Any CPU.Deploy.0 = Debug|Any CPU
		{F9FDD1F1-0E11-4F42-904C-D2EB715AF265}.Debug|iPhone.ActiveCfg = Debug|Any CPU
		{F9FDD1F1-0E11-4F42-904C-D2EB715AF265}.Debug|iPhone.Build.0 = Debug|Any CPU
		{F9FDD1F1-0E11-4F42-904C-D2EB715AF265}.Debug|iPhone.Deploy.0 = Debug|Any CPU
		{F9FDD1F1-0E11-4F42-904C-D2EB715AF265}.Debug|iPhoneSimulator.ActiveCfg = Debug|Any CPU
		{F9FDD1F1-0E11-4F42-904C-D2EB715AF265}.Debug|iPhoneSimulator.Build.0 = Debug|Any CPU
		{F9FDD1F1-0E11-4F42-904C-D2EB715AF265}.Debug|iPhoneSimulator.Deploy.0 = Debug|Any CPU
		{F9FDD1F1-0E11-4F42-904C-D2EB715AF265}.Release|Any CPU.ActiveCfg = Release|Any CPU
		{F9FDD1F1-0E11-4F42-904C-D2EB715AF265}.Release|Any CPU.Build.0 = Release|Any CPU
		{F9FDD1F1-0E11-4F42-904C-D2EB715AF265}.Release|Any CPU.Deploy.0 = Release|Any CPU
		{F9FDD1F1-0E11-4F42-904C-D2EB715AF265}.Release|iPhone.ActiveCfg = Release|Any CPU
		{F9FDD1F1-0E11-4F42-904C-D2EB715AF265}.Release|iPhone.Build.0 = Release|Any CPU
		{F9FDD1F1-0E11-4F42-904C-D2EB715AF265}.Release|iPhone.Deploy.0 = Release|Any CPU
		{F9FDD1F1-0E11-4F42-904C-D2EB715AF265}.Release|iPhoneSimulator.ActiveCfg = Release|Any CPU
		{F9FDD1F1-0E11-4F42-904C-D2EB715AF265}.Release|iPhoneSimulator.Build.0 = Release|Any CPU
		{F9FDD1F1-0E11-4F42-904C-D2EB715AF265}.Release|iPhoneSimulator.Deploy.0 = Release|Any CPU
		{22659FC0-E616-4036-83CE-F3A4D4ACEC05}.Ad-Hoc|Any CPU.ActiveCfg = Release|Any CPU
		{22659FC0-E616-4036-83CE-F3A4D4ACEC05}.Ad-Hoc|Any CPU.Build.0 = Release|Any CPU
		{22659FC0-E616-4036-83CE-F3A4D4ACEC05}.Ad-Hoc|iPhone.ActiveCfg = Release|Any CPU
		{22659FC0-E616-4036-83CE-F3A4D4ACEC05}.Ad-Hoc|iPhone.Build.0 = Release|Any CPU
		{22659FC0-E616-4036-83CE-F3A4D4ACEC05}.Ad-Hoc|iPhoneSimulator.ActiveCfg = Release|Any CPU
		{22659FC0-E616-4036-83CE-F3A4D4ACEC05}.Ad-Hoc|iPhoneSimulator.Build.0 = Release|Any CPU
		{22659FC0-E616-4036-83CE-F3A4D4ACEC05}.AppStore|Any CPU.ActiveCfg = Release|Any CPU
		{22659FC0-E616-4036-83CE-F3A4D4ACEC05}.AppStore|Any CPU.Build.0 = Release|Any CPU
		{22659FC0-E616-4036-83CE-F3A4D4ACEC05}.AppStore|iPhone.ActiveCfg = Release|Any CPU
		{22659FC0-E616-4036-83CE-F3A4D4ACEC05}.AppStore|iPhone.Build.0 = Release|Any CPU
		{22659FC0-E616-4036-83CE-F3A4D4ACEC05}.AppStore|iPhoneSimulator.ActiveCfg = Release|Any CPU
		{22659FC0-E616-4036-83CE-F3A4D4ACEC05}.AppStore|iPhoneSimulator.Build.0 = Release|Any CPU
		{22659FC0-E616-4036-83CE-F3A4D4ACEC05}.Debug|Any CPU.ActiveCfg = Debug|Any CPU
		{22659FC0-E616-4036-83CE-F3A4D4ACEC05}.Debug|Any CPU.Build.0 = Debug|Any CPU
		{22659FC0-E616-4036-83CE-F3A4D4ACEC05}.Debug|iPhone.ActiveCfg = Debug|Any CPU
		{22659FC0-E616-4036-83CE-F3A4D4ACEC05}.Debug|iPhone.Build.0 = Debug|Any CPU
		{22659FC0-E616-4036-83CE-F3A4D4ACEC05}.Debug|iPhoneSimulator.ActiveCfg = Debug|Any CPU
		{22659FC0-E616-4036-83CE-F3A4D4ACEC05}.Debug|iPhoneSimulator.Build.0 = Debug|Any CPU
		{22659FC0-E616-4036-83CE-F3A4D4ACEC05}.Release|Any CPU.ActiveCfg = Release|Any CPU
		{22659FC0-E616-4036-83CE-F3A4D4ACEC05}.Release|Any CPU.Build.0 = Release|Any CPU
		{22659FC0-E616-4036-83CE-F3A4D4ACEC05}.Release|iPhone.ActiveCfg = Release|Any CPU
		{22659FC0-E616-4036-83CE-F3A4D4ACEC05}.Release|iPhone.Build.0 = Release|Any CPU
		{22659FC0-E616-4036-83CE-F3A4D4ACEC05}.Release|iPhoneSimulator.ActiveCfg = Release|Any CPU
		{22659FC0-E616-4036-83CE-F3A4D4ACEC05}.Release|iPhoneSimulator.Build.0 = Release|Any CPU
		{7FD23E50-E653-45F7-B562-858B220F4DA2}.Ad-Hoc|Any CPU.ActiveCfg = Release|Any CPU
		{7FD23E50-E653-45F7-B562-858B220F4DA2}.Ad-Hoc|Any CPU.Build.0 = Release|Any CPU
		{7FD23E50-E653-45F7-B562-858B220F4DA2}.Ad-Hoc|iPhone.ActiveCfg = Release|Any CPU
		{7FD23E50-E653-45F7-B562-858B220F4DA2}.Ad-Hoc|iPhone.Build.0 = Release|Any CPU
		{7FD23E50-E653-45F7-B562-858B220F4DA2}.Ad-Hoc|iPhoneSimulator.ActiveCfg = Release|Any CPU
		{7FD23E50-E653-45F7-B562-858B220F4DA2}.Ad-Hoc|iPhoneSimulator.Build.0 = Release|Any CPU
		{7FD23E50-E653-45F7-B562-858B220F4DA2}.AppStore|Any CPU.ActiveCfg = Release|Any CPU
		{7FD23E50-E653-45F7-B562-858B220F4DA2}.AppStore|Any CPU.Build.0 = Release|Any CPU
		{7FD23E50-E653-45F7-B562-858B220F4DA2}.AppStore|iPhone.ActiveCfg = Release|Any CPU
		{7FD23E50-E653-45F7-B562-858B220F4DA2}.AppStore|iPhone.Build.0 = Release|Any CPU
		{7FD23E50-E653-45F7-B562-858B220F4DA2}.AppStore|iPhoneSimulator.ActiveCfg = Release|Any CPU
		{7FD23E50-E653-45F7-B562-858B220F4DA2}.AppStore|iPhoneSimulator.Build.0 = Release|Any CPU
		{7FD23E50-E653-45F7-B562-858B220F4DA2}.Debug|Any CPU.ActiveCfg = Debug|Any CPU
		{7FD23E50-E653-45F7-B562-858B220F4DA2}.Debug|Any CPU.Build.0 = Debug|Any CPU
		{7FD23E50-E653-45F7-B562-858B220F4DA2}.Debug|iPhone.ActiveCfg = Debug|Any CPU
		{7FD23E50-E653-45F7-B562-858B220F4DA2}.Debug|iPhone.Build.0 = Debug|Any CPU
		{7FD23E50-E653-45F7-B562-858B220F4DA2}.Debug|iPhoneSimulator.ActiveCfg = Debug|Any CPU
		{7FD23E50-E653-45F7-B562-858B220F4DA2}.Debug|iPhoneSimulator.Build.0 = Debug|Any CPU
		{7FD23E50-E653-45F7-B562-858B220F4DA2}.Release|Any CPU.ActiveCfg = Release|Any CPU
		{7FD23E50-E653-45F7-B562-858B220F4DA2}.Release|Any CPU.Build.0 = Release|Any CPU
		{7FD23E50-E653-45F7-B562-858B220F4DA2}.Release|iPhone.ActiveCfg = Release|Any CPU
		{7FD23E50-E653-45F7-B562-858B220F4DA2}.Release|iPhone.Build.0 = Release|Any CPU
		{7FD23E50-E653-45F7-B562-858B220F4DA2}.Release|iPhoneSimulator.ActiveCfg = Release|Any CPU
		{7FD23E50-E653-45F7-B562-858B220F4DA2}.Release|iPhoneSimulator.Build.0 = Release|Any CPU
		{A939A1BA-E213-4214-8C5B-50D331C4992F}.Ad-Hoc|Any CPU.ActiveCfg = Release|Any CPU
		{A939A1BA-E213-4214-8C5B-50D331C4992F}.Ad-Hoc|Any CPU.Build.0 = Release|Any CPU
		{A939A1BA-E213-4214-8C5B-50D331C4992F}.Ad-Hoc|iPhone.ActiveCfg = Release|Any CPU
		{A939A1BA-E213-4214-8C5B-50D331C4992F}.Ad-Hoc|iPhone.Build.0 = Release|Any CPU
		{A939A1BA-E213-4214-8C5B-50D331C4992F}.Ad-Hoc|iPhoneSimulator.ActiveCfg = Release|Any CPU
		{A939A1BA-E213-4214-8C5B-50D331C4992F}.Ad-Hoc|iPhoneSimulator.Build.0 = Release|Any CPU
		{A939A1BA-E213-4214-8C5B-50D331C4992F}.AppStore|Any CPU.ActiveCfg = Release|Any CPU
		{A939A1BA-E213-4214-8C5B-50D331C4992F}.AppStore|Any CPU.Build.0 = Release|Any CPU
		{A939A1BA-E213-4214-8C5B-50D331C4992F}.AppStore|iPhone.ActiveCfg = Release|Any CPU
		{A939A1BA-E213-4214-8C5B-50D331C4992F}.AppStore|iPhone.Build.0 = Release|Any CPU
		{A939A1BA-E213-4214-8C5B-50D331C4992F}.AppStore|iPhoneSimulator.ActiveCfg = Release|Any CPU
		{A939A1BA-E213-4214-8C5B-50D331C4992F}.AppStore|iPhoneSimulator.Build.0 = Release|Any CPU
		{A939A1BA-E213-4214-8C5B-50D331C4992F}.Debug|Any CPU.ActiveCfg = Debug|Any CPU
		{A939A1BA-E213-4214-8C5B-50D331C4992F}.Debug|Any CPU.Build.0 = Debug|Any CPU
		{A939A1BA-E213-4214-8C5B-50D331C4992F}.Debug|iPhone.ActiveCfg = Debug|Any CPU
		{A939A1BA-E213-4214-8C5B-50D331C4992F}.Debug|iPhone.Build.0 = Debug|Any CPU
		{A939A1BA-E213-4214-8C5B-50D331C4992F}.Debug|iPhoneSimulator.ActiveCfg = Debug|Any CPU
		{A939A1BA-E213-4214-8C5B-50D331C4992F}.Debug|iPhoneSimulator.Build.0 = Debug|Any CPU
		{A939A1BA-E213-4214-8C5B-50D331C4992F}.Release|Any CPU.ActiveCfg = Release|Any CPU
		{A939A1BA-E213-4214-8C5B-50D331C4992F}.Release|Any CPU.Build.0 = Release|Any CPU
		{A939A1BA-E213-4214-8C5B-50D331C4992F}.Release|iPhone.ActiveCfg = Release|Any CPU
		{A939A1BA-E213-4214-8C5B-50D331C4992F}.Release|iPhone.Build.0 = Release|Any CPU
		{A939A1BA-E213-4214-8C5B-50D331C4992F}.Release|iPhoneSimulator.ActiveCfg = Release|Any CPU
		{A939A1BA-E213-4214-8C5B-50D331C4992F}.Release|iPhoneSimulator.Build.0 = Release|Any CPU
		{C9068395-86F8-4C72-92D4-B219AAB5FA34}.Ad-Hoc|Any CPU.ActiveCfg = Release|Any CPU
		{C9068395-86F8-4C72-92D4-B219AAB5FA34}.Ad-Hoc|Any CPU.Build.0 = Release|Any CPU
		{C9068395-86F8-4C72-92D4-B219AAB5FA34}.Ad-Hoc|iPhone.ActiveCfg = Release|Any CPU
		{C9068395-86F8-4C72-92D4-B219AAB5FA34}.Ad-Hoc|iPhone.Build.0 = Release|Any CPU
		{C9068395-86F8-4C72-92D4-B219AAB5FA34}.Ad-Hoc|iPhoneSimulator.ActiveCfg = Release|Any CPU
		{C9068395-86F8-4C72-92D4-B219AAB5FA34}.Ad-Hoc|iPhoneSimulator.Build.0 = Release|Any CPU
		{C9068395-86F8-4C72-92D4-B219AAB5FA34}.AppStore|Any CPU.ActiveCfg = Release|Any CPU
		{C9068395-86F8-4C72-92D4-B219AAB5FA34}.AppStore|Any CPU.Build.0 = Release|Any CPU
		{C9068395-86F8-4C72-92D4-B219AAB5FA34}.AppStore|iPhone.ActiveCfg = Release|Any CPU
		{C9068395-86F8-4C72-92D4-B219AAB5FA34}.AppStore|iPhone.Build.0 = Release|Any CPU
		{C9068395-86F8-4C72-92D4-B219AAB5FA34}.AppStore|iPhoneSimulator.ActiveCfg = Release|Any CPU
		{C9068395-86F8-4C72-92D4-B219AAB5FA34}.AppStore|iPhoneSimulator.Build.0 = Release|Any CPU
		{C9068395-86F8-4C72-92D4-B219AAB5FA34}.Debug|Any CPU.ActiveCfg = Debug|Any CPU
		{C9068395-86F8-4C72-92D4-B219AAB5FA34}.Debug|Any CPU.Build.0 = Debug|Any CPU
		{C9068395-86F8-4C72-92D4-B219AAB5FA34}.Debug|iPhone.ActiveCfg = Debug|Any CPU
		{C9068395-86F8-4C72-92D4-B219AAB5FA34}.Debug|iPhone.Build.0 = Debug|Any CPU
		{C9068395-86F8-4C72-92D4-B219AAB5FA34}.Debug|iPhoneSimulator.ActiveCfg = Debug|Any CPU
		{C9068395-86F8-4C72-92D4-B219AAB5FA34}.Debug|iPhoneSimulator.Build.0 = Debug|Any CPU
		{C9068395-86F8-4C72-92D4-B219AAB5FA34}.Release|Any CPU.ActiveCfg = Release|Any CPU
		{C9068395-86F8-4C72-92D4-B219AAB5FA34}.Release|Any CPU.Build.0 = Release|Any CPU
		{C9068395-86F8-4C72-92D4-B219AAB5FA34}.Release|iPhone.ActiveCfg = Release|Any CPU
		{C9068395-86F8-4C72-92D4-B219AAB5FA34}.Release|iPhone.Build.0 = Release|Any CPU
		{C9068395-86F8-4C72-92D4-B219AAB5FA34}.Release|iPhoneSimulator.ActiveCfg = Release|Any CPU
		{C9068395-86F8-4C72-92D4-B219AAB5FA34}.Release|iPhoneSimulator.Build.0 = Release|Any CPU
	EndGlobalSection
	GlobalSection(SolutionProperties) = preSolution
		HideSolutionNode = FALSE
	EndGlobalSection
	GlobalSection(ExtensibilityGlobals) = postSolution
		SolutionGuid = {C8B20A68-EC0F-4122-95CC-DD94416F36E8}
	EndGlobalSection
EndGlobal
